
Microsoft Visual Studio Solution File, Format Version 12.00
# Visual Studio Version 17
VisualStudioVersion = 17.2.32616.157
MinimumVisualStudioVersion = 10.0.40219.1
Project("{FAE04EC0-301F-11D3-BF4B-00C04F79EFBC}") = "BlazorWordHighlighter", "BlazorWordHighlighter\BlazorWordHighlighter.csproj", "{6873864F-4544-4726-933F-1DE67BCCCD5A}"
EndProject
Global
	GlobalSection(SolutionConfigurationPlatforms) = preSolution
		Debug|Any CPU = Debug|Any CPU
		Release|Any CPU = Release|Any CPU
	EndGlobalSection
	GlobalSection(ProjectConfigurationPlatforms) = postSolution
		{6873864F-4544-4726-933F-1DE67BCCCD5A}.Debug|Any CPU.ActiveCfg = Debug|Any CPU
		{6873864F-4544-4726-933F-1DE67BCCCD5A}.Debug|Any CPU.Build.0 = Debug|Any CPU
		{6873864F-4544-4726-933F-1DE67BCCCD5A}.Release|Any CPU.ActiveCfg = Release|Any CPU
		{6873864F-4544-4726-933F-1DE67BCCCD5A}.Release|Any CPU.Build.0 = Release|Any CPU
	EndGlobalSection
	GlobalSection(SolutionProperties) = preSolution
		HideSolutionNode = FALSE
	EndGlobalSection
	GlobalSection(ExtensibilityGlobals) = postSolution
		SolutionGuid = {1B3ED7B5-D588-4F22-9696-BBD4B7F5CBBF}
	EndGlobalSection
EndGlobal
